
Microsoft Visual Studio Solution File, Format Version 12.00
# Visual Studio Version 17
VisualStudioVersion = 17.0.31903.59
MinimumVisualStudioVersion = 10.0.40219.1
Project("{2150E333-8FDC-42A3-9474-1A3956D46DE8}") = "src", "src", "{7BABCC03-14EF-45A6-A3A2-B4EE3C2F1CD6}"
EndProject
Project("{FAE04EC0-301F-11D3-BF4B-00C04F79EFBC}") = "VehicleService", "src\VehicleService\VehicleService.csproj", "{8F0D0893-BB86-4D5F-97D7-CBB794855A38}"
EndProject
Project("{FAE04EC0-301F-11D3-BF4B-00C04F79EFBC}") = "BookingService", "src\BookingService\BookingService.csproj", "{B136788F-6754-422F-9FB0-A2C6AFCB1563}"
EndProject
Project("{FAE04EC0-301F-11D3-BF4B-00C04F79EFBC}") = "WorkerService", "src\WorkerService\WorkerService.csproj", "{1BFC2E10-4A45-4894-A486-7CC465656ECB}"
EndProject
Project("{2150E333-8FDC-42A3-9474-1A3956D46DE8}") = "Shared", "Shared", "{0929EB94-9D87-4FC8-BF87-90898ABFBA90}"
EndProject
Project("{FAE04EC0-301F-11D3-BF4B-00C04F79EFBC}") = "RentaFacil.Shared", "src\Shared\RentaFacil.Shared\RentaFacil.Shared.csproj", "{127B4992-B4EF-426B-AB0E-642DF3279295}"
EndProject
Project("{2150E333-8FDC-42A3-9474-1A3956D46DE8}") = "Tests", "Tests", "{4C9A0BA6-1E2E-4EB4-893E-1A6B5F79F690}"
EndProject
Project("{FAE04EC0-301F-11D3-BF4B-00C04F79EFBC}") = "VehicleService.Tests", "src\Tests\VehicleService.Tests\VehicleService.Tests.csproj", "{9AE97091-0C99-441B-A113-40B9AE7127D2}"
EndProject
Project("{FAE04EC0-301F-11D3-BF4B-00C04F79EFBC}") = "BookingService.Tests", "src\Tests\BookingService.Tests\BookingService.Tests.csproj", "{D4104B9D-C7E7-4EBF-84DF-A3F91160BB28}"
EndProject
Project("{FAE04EC0-301F-11D3-BF4B-00C04F79EFBC}") = "WorkerService.Tests", "src\Tests\WorkerService.Tests\WorkerService.Tests.csproj", "{0B2B8150-0540-4796-AC91-5B7D5823A61D}"
EndProject
Project("{FAE04EC0-301F-11D3-BF4B-00C04F79EFBC}") = "Integration.Tests", "src\Tests\Integration.Tests\Integration.Tests.csproj", "{78B6F6DD-D840-4688-B4EB-0A401D0C636A}"
EndProject
Global
	GlobalSection(SolutionConfigurationPlatforms) = preSolution
		Debug|Any CPU = Debug|Any CPU
		Release|Any CPU = Release|Any CPU
	EndGlobalSection
	GlobalSection(SolutionProperties) = preSolution
		HideSolutionNode = FALSE
	EndGlobalSection
	GlobalSection(ProjectConfigurationPlatforms) = postSolution
		{8F0D0893-BB86-4D5F-97D7-CBB794855A38}.Debug|Any CPU.ActiveCfg = Debug|Any CPU
		{8F0D0893-BB86-4D5F-97D7-CBB794855A38}.Debug|Any CPU.Build.0 = Debug|Any CPU
		{8F0D0893-BB86-4D5F-97D7-CBB794855A38}.Release|Any CPU.ActiveCfg = Release|Any CPU
		{8F0D0893-BB86-4D5F-97D7-CBB794855A38}.Release|Any CPU.Build.0 = Release|Any CPU
		{B136788F-6754-422F-9FB0-A2C6AFCB1563}.Debug|Any CPU.ActiveCfg = Debug|Any CPU
		{B136788F-6754-422F-9FB0-A2C6AFCB1563}.Debug|Any CPU.Build.0 = Debug|Any CPU
		{B136788F-6754-422F-9FB0-A2C6AFCB1563}.Release|Any CPU.ActiveCfg = Release|Any CPU
		{B136788F-6754-422F-9FB0-A2C6AFCB1563}.Release|Any CPU.Build.0 = Release|Any CPU
		{1BFC2E10-4A45-4894-A486-7CC465656ECB}.Debug|Any CPU.ActiveCfg = Debug|Any CPU
		{1BFC2E10-4A45-4894-A486-7CC465656ECB}.Debug|Any CPU.Build.0 = Debug|Any CPU
		{1BFC2E10-4A45-4894-A486-7CC465656ECB}.Release|Any CPU.ActiveCfg = Release|Any CPU
		{1BFC2E10-4A45-4894-A486-7CC465656ECB}.Release|Any CPU.Build.0 = Release|Any CPU
		{127B4992-B4EF-426B-AB0E-642DF3279295}.Debug|Any CPU.ActiveCfg = Debug|Any CPU
		{127B4992-B4EF-426B-AB0E-642DF3279295}.Debug|Any CPU.Build.0 = Debug|Any CPU
		{127B4992-B4EF-426B-AB0E-642DF3279295}.Release|Any CPU.ActiveCfg = Release|Any CPU
		{127B4992-B4EF-426B-AB0E-642DF3279295}.Release|Any CPU.Build.0 = Release|Any CPU
		{9AE97091-0C99-441B-A113-40B9AE7127D2}.Debug|Any CPU.ActiveCfg = Debug|Any CPU
		{9AE97091-0C99-441B-A113-40B9AE7127D2}.Debug|Any CPU.Build.0 = Debug|Any CPU
		{9AE97091-0C99-441B-A113-40B9AE7127D2}.Release|Any CPU.ActiveCfg = Release|Any CPU
		{9AE97091-0C99-441B-A113-40B9AE7127D2}.Release|Any CPU.Build.0 = Release|Any CPU
		{D4104B9D-C7E7-4EBF-84DF-A3F91160BB28}.Debug|Any CPU.ActiveCfg = Debug|Any CPU
		{D4104B9D-C7E7-4EBF-84DF-A3F91160BB28}.Debug|Any CPU.Build.0 = Debug|Any CPU
		{D4104B9D-C7E7-4EBF-84DF-A3F91160BB28}.Release|Any CPU.ActiveCfg = Release|Any CPU
		{D4104B9D-C7E7-4EBF-84DF-A3F91160BB28}.Release|Any CPU.Build.0 = Release|Any CPU
		{0B2B8150-0540-4796-AC91-5B7D5823A61D}.Debug|Any CPU.ActiveCfg = Debug|Any CPU
		{0B2B8150-0540-4796-AC91-5B7D5823A61D}.Debug|Any CPU.Build.0 = Debug|Any CPU
		{0B2B8150-0540-4796-AC91-5B7D5823A61D}.Release|Any CPU.ActiveCfg = Release|Any CPU
		{0B2B8150-0540-4796-AC91-5B7D5823A61D}.Release|Any CPU.Build.0 = Release|Any CPU
		{78B6F6DD-D840-4688-B4EB-0A401D0C636A}.Debug|Any CPU.ActiveCfg = Debug|Any CPU
		{78B6F6DD-D840-4688-B4EB-0A401D0C636A}.Debug|Any CPU.Build.0 = Debug|Any CPU
		{78B6F6DD-D840-4688-B4EB-0A401D0C636A}.Release|Any CPU.ActiveCfg = Release|Any CPU
		{78B6F6DD-D840-4688-B4EB-0A401D0C636A}.Release|Any CPU.Build.0 = Release|Any CPU
	EndGlobalSection
	GlobalSection(NestedProjects) = preSolution
		{8F0D0893-BB86-4D5F-97D7-CBB794855A38} = {7BABCC03-14EF-45A6-A3A2-B4EE3C2F1CD6}
		{B136788F-6754-422F-9FB0-A2C6AFCB1563} = {7BABCC03-14EF-45A6-A3A2-B4EE3C2F1CD6}
		{1BFC2E10-4A45-4894-A486-7CC465656ECB} = {7BABCC03-14EF-45A6-A3A2-B4EE3C2F1CD6}
		{0929EB94-9D87-4FC8-BF87-90898ABFBA90} = {7BABCC03-14EF-45A6-A3A2-B4EE3C2F1CD6}
		{127B4992-B4EF-426B-AB0E-642DF3279295} = {0929EB94-9D87-4FC8-BF87-90898ABFBA90}
		{4C9A0BA6-1E2E-4EB4-893E-1A6B5F79F690} = {7BABCC03-14EF-45A6-A3A2-B4EE3C2F1CD6}
		{9AE97091-0C99-441B-A113-40B9AE7127D2} = {4C9A0BA6-1E2E-4EB4-893E-1A6B5F79F690}
		{D4104B9D-C7E7-4EBF-84DF-A3F91160BB28} = {4C9A0BA6-1E2E-4EB4-893E-1A6B5F79F690}
		{0B2B8150-0540-4796-AC91-5B7D5823A61D} = {4C9A0BA6-1E2E-4EB4-893E-1A6B5F79F690}
		{78B6F6DD-D840-4688-B4EB-0A401D0C636A} = {4C9A0BA6-1E2E-4EB4-893E-1A6B5F79F690}
	EndGlobalSection
EndGlobal
